{
  "name": "Chicky-TS",
  "version": "1.0.0",
  "lockfileVersion": 3,
  "requires": true,
  "packages": {
    "": {
      "name": "Chicky-TS",
      "version": "1.0.0",
      "license": "ISC",
      "dependencies": {
        "@rbxts/services": "^1.5.1"
      },
      "devDependencies": {
        "@rbxts/compiler-types": "^2.0.4-types.1",
        "@rbxts/types": "^1.0.674",
        "typescript": "^5.0.3"
      }
    },
    "node_modules/@rbxts/compiler-types": {
      "version": "2.0.4-types.1",
      "resolved": "https://registry.npmjs.org/@rbxts/compiler-types/-/compiler-types-2.0.4-types.1.tgz",
      "integrity": "sha512-sLFiyMH9j8kcCd07lt6R+WgneksCGqYUFKu7qX02ufUU7r9eR2dXoOt2A9Nxh3unTuCu5mYyO0M6JYb82fOHxA==",
      "dev": true
    },
    "node_modules/@rbxts/services": {
      "version": "1.5.1",
      "resolved": "https://registry.npmjs.org/@rbxts/services/-/services-1.5.1.tgz",
      "integrity": "sha512-SRtfIjga0K4YYSXRpK+eH3kcTq7ZXo9OHOt0jszaOOoEOIJloMGlyuRPqesPHyhveh2AMXAZr3TYbRMSD+u+kQ=="
    },
    "node_modules/@rbxts/types": {
      "version": "1.0.674",
      "resolved": "https://registry.npmjs.org/@rbxts/types/-/types-1.0.674.tgz",
      "integrity": "sha512-njW+Qumc3NFbYC62fiqoBmBfE0ZAlYuPtI4K/wUnH6R7eSP/Y4nBOpdJ+3bLXmIQMcDjK6Uhf07ma3K8ijdwQg==",
      "dev": true
    },
    "node_modules/typescript": {
      "version": "5.0.3",
      "resolved": "https://registry.npmjs.org/typescript/-/typescript-5.0.3.tgz",
      "integrity": "sha512-xv8mOEDnigb/tN9PSMTwSEqAnUvkoXMQlicOb0IUVDBSQCgBSaAAROUZYy2IcUy5qU6XajK5jjjO7TMWqBTKZA==",
      "dev": true,
      "bin": {
        "tsc": "bin/tsc",
        "tsserver": "bin/tsserver"
      },
      "engines": {
        "node": ">=12.20"
      }
    }
  }
}
